
Microsoft Visual Studio Solution File, Format Version 12.00
# Visual Studio Version 17
VisualStudioVersion = 17.3.32929.385
MinimumVisualStudioVersion = 10.0.40219.1
Project("{2150E333-8FDC-42A3-9474-1A3956D46DE8}") = "01.Inheritance", "01.Inheritance", "{0CB61813-A608-4201-872B-44CA38625500}"
EndProject
Project("{2150E333-8FDC-42A3-9474-1A3956D46DE8}") = "Lab", "Lab", "{B6470FD7-E575-4C6D-B177-F1C32A7034CD}"
EndProject
Project("{2150E333-8FDC-42A3-9474-1A3956D46DE8}") = "Exe", "Exe", "{D07519C6-CA68-4606-8BBB-0DA237ACCF0C}"
EndProject
Project("{2150E333-8FDC-42A3-9474-1A3956D46DE8}") = "01. Singleinheritance", "01. Singleinheritance", "{C0F222A1-BFD5-40AE-8868-FB2D948F913F}"
EndProject
Project("{9A19103F-16F7-4668-BE54-9A1E7A4F7556}") = "01. SingleInheritance", "01. Single Inheritance\01. SingleInheritance.csproj", "{F6855D7A-FF92-4E1E-BCB6-72F1B1DAEF2B}"
EndProject
Project("{2150E333-8FDC-42A3-9474-1A3956D46DE8}") = "02. MultipleInheritance", "02. MultipleInheritance", "{9D13F9F4-046C-4A04-BEB5-09EB85C28721}"
EndProject
Project("{9A19103F-16F7-4668-BE54-9A1E7A4F7556}") = "02. MultipleInheritance", "02. Multiple Inheritance\02. MultipleInheritance.csproj", "{42CD5E33-A9AE-47BA-8AE4-545D8D092C2A}"
EndProject
Project("{2150E333-8FDC-42A3-9474-1A3956D46DE8}") = "03. Hierarchical Inheritance", "03. Hierarchical Inheritance", "{B03D4121-7290-4D94-9FB5-4702B4B520E0}"
EndProject
Project("{9A19103F-16F7-4668-BE54-9A1E7A4F7556}") = "03. HierarchicalInheritance", "03. Hierarchical Inheritance\03. HierarchicalInheritance.csproj", "{50A28449-4909-4EB3-9F98-AB88B0A50F4D}"
EndProject
Project("{2150E333-8FDC-42A3-9474-1A3956D46DE8}") = "04. Random List", "04. Random List", "{33614EC6-A596-4B46-9A8C-5941C81C2ECE}"
EndProject
Project("{9A19103F-16F7-4668-BE54-9A1E7A4F7556}") = "04. RandomList", "04. Random List\04. RandomList.csproj", "{E7EBD5D4-9815-4B8D-9F66-73C40C25A276}"
EndProject
Project("{2150E333-8FDC-42A3-9474-1A3956D46DE8}") = "05. StackOfStrings", "05. StackOfStrings", "{3D40828A-A60C-4C59-BF73-082E526FEA6B}"
EndProject
Project("{9A19103F-16F7-4668-BE54-9A1E7A4F7556}") = "05. StackOfStrings", "05. Stack of Strings\05. StackOfStrings.csproj", "{C1ED50FD-BF07-487E-BB50-DCFAD1D1A696}"
EndProject
Project("{2150E333-8FDC-42A3-9474-1A3956D46DE8}") = "01. Person", "01. Person", "{2C15428E-B498-4FD3-87F4-18D2C6292642}"
EndProject
Project("{9A19103F-16F7-4668-BE54-9A1E7A4F7556}") = "01.Person", "01.Person\01.Person.csproj", "{B6DB6116-55B7-4A29-91D4-56F8FBD03C42}"
EndProject
Project("{2150E333-8FDC-42A3-9474-1A3956D46DE8}") = "02. Zoo", "02. Zoo", "{D76B57D9-6EC2-4D24-97C8-C9C5C84AEB04}"
EndProject
Project("{9A19103F-16F7-4668-BE54-9A1E7A4F7556}") = "02. Zoo", "02. Zoo\02. Zoo.csproj", "{16D84733-8E8D-4076-8DFB-FF484796D95A}"
EndProject
Project("{2150E333-8FDC-42A3-9474-1A3956D46DE8}") = "03. Players and Monsters", "03. Players and Monsters", "{66053CA9-99EE-45C5-88CF-D8B719117C51}"
EndProject
Project("{9A19103F-16F7-4668-BE54-9A1E7A4F7556}") = "03. Players and Monsters", "03. Players and Monsters\03. Players and Monsters.csproj", "{7EC71B41-EC43-4F80-A815-A5631ABFC9A9}"
EndProject
Project("{2150E333-8FDC-42A3-9474-1A3956D46DE8}") = "04. Need for Speed", "04. Need for Speed", "{E0B7E7EB-B664-4BC4-A605-9FC815FDDDA7}"
EndProject
Project("{9A19103F-16F7-4668-BE54-9A1E7A4F7556}") = "04. Need for Speed", "04. Need for Speed\04. Need for Speed.csproj", "{F04853BE-9DC8-48AF-9A6D-C402A99AAFAC}"
EndProject
Project("{2150E333-8FDC-42A3-9474-1A3956D46DE8}") = "05. Restaurant", "05. Restaurant", "{7FA76C9B-D700-4237-84CA-A78CC558526F}"
EndProject
Project("{9A19103F-16F7-4668-BE54-9A1E7A4F7556}") = "05. Restaurant", "05. Restaurant\05. Restaurant.csproj", "{8CAC8A67-7D70-4ED5-BD88-4FAA88C7094C}"
EndProject
Project("{2150E333-8FDC-42A3-9474-1A3956D46DE8}") = "06. Animals", "06. Animals", "{AE0A65F6-B43E-4D2C-A06A-46FD6A454625}"
EndProject
Project("{9A19103F-16F7-4668-BE54-9A1E7A4F7556}") = "06. Animals", "06. Animals\06. Animals.csproj", "{3FA31A61-2323-458F-B8C1-1E5CA2D762A7}"
EndProject
Project("{2150E333-8FDC-42A3-9474-1A3956D46DE8}") = "02.Encapsulation", "02.Encapsulation", "{39FBF68F-FB2B-413A-818E-94F6AF89E880}"
EndProject
Project("{2150E333-8FDC-42A3-9474-1A3956D46DE8}") = "Lab", "Lab", "{045ADAAB-6984-4B04-8DCC-C655CDC404C3}"
EndProject
Project("{2150E333-8FDC-42A3-9474-1A3956D46DE8}") = "Exe", "Exe", "{7FA83ADE-F83D-4E6F-A1CD-0E31CDEA38B9}"
EndProject
Project("{2150E333-8FDC-42A3-9474-1A3956D46DE8}") = "01. Persons", "01. Persons", "{9FD3A26F-4481-4A40-BC3C-037DAA1986C6}"
EndProject
Project("{9A19103F-16F7-4668-BE54-9A1E7A4F7556}") = "01. Persons", "01. Persons\01. Persons.csproj", "{A8E7C4AD-14D2-4825-A3C3-6DEEC1794A9A}"
EndProject
Project("{2150E333-8FDC-42A3-9474-1A3956D46DE8}") = "02. Salary", "02. Salary", "{D4D7AA33-9E03-40DA-B945-0B44CFFDCE8E}"
EndProject
Project("{9A19103F-16F7-4668-BE54-9A1E7A4F7556}") = "02. Salary", "02. Salary\02. Salary.csproj", "{A525F42E-CF59-40FC-921B-ABEAFDFE4312}"
EndProject
Project("{2150E333-8FDC-42A3-9474-1A3956D46DE8}") = "03. Validation", "03. Validation", "{903CEBAB-7ADF-4256-AD2B-C78F15BE0D0F}"
EndProject
Project("{9A19103F-16F7-4668-BE54-9A1E7A4F7556}") = "03. Validation", "03. Validation\03. Validation.csproj", "{2486285B-F596-44CD-A541-AC1636856A1F}"
EndProject
Project("{2150E333-8FDC-42A3-9474-1A3956D46DE8}") = "04. Team", "04. Team", "{484C9AEB-5BAC-4804-AD72-3FA2414FF431}"
EndProject
Project("{9A19103F-16F7-4668-BE54-9A1E7A4F7556}") = "04. Team", "04. Team\04. Team.csproj", "{4B9F9A53-3143-42EA-B3B5-6342A04FA66B}"
EndProject
Project("{2150E333-8FDC-42A3-9474-1A3956D46DE8}") = "01. Class Box Data", "01. Class Box Data", "{31E4E945-234E-4225-BD29-DD42AE5BF837}"
EndProject
Project("{9A19103F-16F7-4668-BE54-9A1E7A4F7556}") = "01. Class Box Data", "01. Class Box Data\01. Class Box Data.csproj", "{866A3AF4-0F8C-4EC0-A4E6-9809C5CFFDF7}"
EndProject
Project("{2150E333-8FDC-42A3-9474-1A3956D46DE8}") = "02. Animal Farm", "02. Animal Farm", "{31AB9256-9CFB-4C26-820F-1D5A3DA9EA5B}"
EndProject
Project("{9A19103F-16F7-4668-BE54-9A1E7A4F7556}") = "02. Animal Farm", "02. Animal Farm\02. Animal Farm.csproj", "{E9F4BBC2-5A84-450A-8A89-DA6660139339}"
EndProject
Project("{2150E333-8FDC-42A3-9474-1A3956D46DE8}") = "03. Shopping Spree", "03. Shopping Spree", "{1ACCC044-F74B-40E9-B19E-A8F51ADDCDF5}"
EndProject
Project("{9A19103F-16F7-4668-BE54-9A1E7A4F7556}") = "03. Shopping Spree", "03. Shopping Spree\03. Shopping Spree.csproj", "{6549CB67-60A8-4585-BCC0-C506D337343F}"
EndProject
Project("{2150E333-8FDC-42A3-9474-1A3956D46DE8}") = "04. Pizza Calories", "04. Pizza Calories", "{5F36FDAE-A035-4BAA-B6AA-AA4630EA2426}"
EndProject
Project("{9A19103F-16F7-4668-BE54-9A1E7A4F7556}") = "04. Pizza Calories", "04. Pizza Calories\04. Pizza Calories.csproj", "{AF852C6D-5A76-41B3-B8A7-5BB082C19509}"
EndProject
Project("{2150E333-8FDC-42A3-9474-1A3956D46DE8}") = "05. Football Team Generator", "05. Football Team Generator", "{B0BC951A-09F2-42F5-925F-9C7976D20331}"
EndProject
Project("{2150E333-8FDC-42A3-9474-1A3956D46DE8}") = "03.Interfaces and Abstraction", "03.Interfaces and Abstraction", "{B2DE1203-7C2B-45FF-A4E3-16E53048D6A8}"
EndProject
Project("{2150E333-8FDC-42A3-9474-1A3956D46DE8}") = "Lab", "Lab", "{6C35082E-E387-44F0-9CF2-FF84ECF5BF00}"
EndProject
Project("{2150E333-8FDC-42A3-9474-1A3956D46DE8}") = "Exe", "Exe", "{CACAB5AE-A4C4-491A-97D7-52A6ABAE4391}"
EndProject
Project("{2150E333-8FDC-42A3-9474-1A3956D46DE8}") = "01. Shapes", "01. Shapes", "{362FA182-28ED-45FE-865B-A6F5F2A6896B}"
EndProject
Project("{9A19103F-16F7-4668-BE54-9A1E7A4F7556}") = "01. Shapes", "01. Shapes\01. Shapes.csproj", "{C1B657AB-BAA0-4B3A-BB24-812888E663DF}"
EndProject
Project("{2150E333-8FDC-42A3-9474-1A3956D46DE8}") = "02. Cars", "02. Cars", "{E26A9EEE-0979-4D6E-85D1-196C1289765F}"
EndProject
Project("{2150E333-8FDC-42A3-9474-1A3956D46DE8}") = "01. Define an Interface IPerson", "01. Define an Interface IPerson", "{396686D8-0D60-4470-ABDB-E1B3D0C4AA7A}"
EndProject
Project("{9A19103F-16F7-4668-BE54-9A1E7A4F7556}") = "01. DefineAnInterfaceIPerson", "01. Define an Interface IPerson\01. DefineAnInterfaceIPerson.csproj", "{096B00A5-28B9-422A-B174-F0C0D6457403}"
EndProject
Project("{2150E333-8FDC-42A3-9474-1A3956D46DE8}") = "02. Multiple Implementation", "02. Multiple Implementation", "{D4CFE9CD-A8F9-49C5-B8D4-102BAEC81F36}"
EndProject
Project("{9A19103F-16F7-4668-BE54-9A1E7A4F7556}") = "02. MultipleImplementation", "02. Multiple Implementation\02. MultipleImplementation.csproj", "{64A6F476-CE05-4E18-96E5-94C872E66604}"
EndProject
Project("{2150E333-8FDC-42A3-9474-1A3956D46DE8}") = "03. Telephony", "03. Telephony", "{18F7DC9A-228E-4264-BD02-DF7F8EBC7F0D}"
EndProject
Project("{9A19103F-16F7-4668-BE54-9A1E7A4F7556}") = "03. Telephony", "03. Telephony\03. Telephony.csproj", "{EDDBAF8F-70F0-4EBF-A07B-B72D602F3F53}"
EndProject
Project("{2150E333-8FDC-42A3-9474-1A3956D46DE8}") = "04. Border Control", "04. Border Control", "{4FAA6C86-32DC-4251-9D02-BD23716835F2}"
EndProject
Project("{9A19103F-16F7-4668-BE54-9A1E7A4F7556}") = "04. Border Control", "04. Border Control\04. Border Control.csproj", "{74A03ACE-288D-4A4F-B2A8-B3EC6915C746}"
EndProject
Project("{2150E333-8FDC-42A3-9474-1A3956D46DE8}") = "05. Birthday Celebrations", "05. Birthday Celebrations", "{7EBAED30-7E7D-40BE-823E-1F80A7F13030}"
EndProject
Project("{9A19103F-16F7-4668-BE54-9A1E7A4F7556}") = "05. Birthday Celebrations", "05. Birthday Celebrations\05. Birthday Celebrations.csproj", "{88711FD8-E524-49A5-95A4-0D495C81C5EC}"
EndProject
Project("{2150E333-8FDC-42A3-9474-1A3956D46DE8}") = "06. Food Shortage", "06. Food Shortage", "{0931CBE3-33C5-445C-95B7-095591D3989F}"
EndProject
Project("{9A19103F-16F7-4668-BE54-9A1E7A4F7556}") = "06. Food Shortage", "06. Food Shortage\06. Food Shortage.csproj", "{4A49CF00-D51A-4290-B0CB-0242DB64BD34}"
EndProject
Project("{2150E333-8FDC-42A3-9474-1A3956D46DE8}") = "07. Military Elite", "07. Military Elite", "{A911BD40-FBDA-401D-A434-7C77D99B4D73}"
EndProject
Project("{9A19103F-16F7-4668-BE54-9A1E7A4F7556}") = "07. Military Elite", "07. Military Elite\07. Military Elite.csproj", "{38D54813-BD3A-4711-B3E8-AB21427A39A9}"
EndProject
Project("{2150E333-8FDC-42A3-9474-1A3956D46DE8}") = "08. Collection Hierarchy", "08. Collection Hierarchy", "{8133BB54-706B-470D-8554-1FCDE3E14145}"
EndProject
Project("{9A19103F-16F7-4668-BE54-9A1E7A4F7556}") = "CollectionHierarchy", "08. Collection Hierarchy\CollectionHierarchy.csproj", "{22234572-917A-4F0E-BCE0-0319C1C5F8BB}"
EndProject
Project("{2150E333-8FDC-42A3-9474-1A3956D46DE8}") = "09. Explicit Interfaces", "09. Explicit Interfaces", "{4414ACB1-A082-4444-B777-AA09DFA5600C}"
EndProject
Project("{9A19103F-16F7-4668-BE54-9A1E7A4F7556}") = "09. Explicit Interfaces", "09. Explicit Interfaces\09. Explicit Interfaces.csproj", "{23D59994-01B2-4B16-A189-A3BB3487E1D6}"
EndProject
Project("{2150E333-8FDC-42A3-9474-1A3956D46DE8}") = "04.Polymorphism", "04.Polymorphism", "{A5803A08-5C3D-434D-B0B7-62C51C6AB43B}"
EndProject
Project("{2150E333-8FDC-42A3-9474-1A3956D46DE8}") = "Lab", "Lab", "{BECAA3C0-3E52-40B8-B6A1-7C4AFD443E1E}"
EndProject
Project("{2150E333-8FDC-42A3-9474-1A3956D46DE8}") = "Exe", "Exe", "{DD1A2223-3383-475B-B196-7E4DCC313937}"
EndProject
Project("{2150E333-8FDC-42A3-9474-1A3956D46DE8}") = "01. Math Operations", "01. Math Operations", "{B603CF61-AA33-47C9-8E3C-45670D107665}"
EndProject
Project("{9A19103F-16F7-4668-BE54-9A1E7A4F7556}") = "01. MathOperations", "01. Math Operations\01. MathOperations.csproj", "{721F8CD3-AC05-4E36-885B-FE09585197A8}"
EndProject
Project("{2150E333-8FDC-42A3-9474-1A3956D46DE8}") = "02. Animals", "02. Animals", "{3DC84C9D-07C8-43C3-9082-9E1372B1F92D}"
EndProject
Project("{9A19103F-16F7-4668-BE54-9A1E7A4F7556}") = "02. Animals", "02. Animals\02. Animals.csproj", "{F55B891A-9559-494E-BB6F-339733F2910C}"
EndProject
Project("{2150E333-8FDC-42A3-9474-1A3956D46DE8}") = "03. Shapes", "03. Shapes", "{52C9AF59-B8ED-4C46-B7F2-F438AF695E59}"
EndProject
Project("{9A19103F-16F7-4668-BE54-9A1E7A4F7556}") = "03. Shapes", "03. Shapes\03. Shapes.csproj", "{10277DA4-A819-4E6E-B510-8DEF009B7535}"
EndProject
Project("{2150E333-8FDC-42A3-9474-1A3956D46DE8}") = "05.Exceptions and Error Handling", "05.Exceptions and Error Handling", "{C5295B60-0EF7-4FCB-8372-4A98B630917F}"
EndProject
Project("{2150E333-8FDC-42A3-9474-1A3956D46DE8}") = "Lab", "Lab", "{FF2EC501-656B-4E2B-9F5B-673AD1D4FCA1}"
EndProject
Project("{2150E333-8FDC-42A3-9474-1A3956D46DE8}") = "01. Square Root", "01. Square Root", "{40FC3ACD-032F-4972-9FCE-63CC65DB24F7}"
EndProject
Project("{2150E333-8FDC-42A3-9474-1A3956D46DE8}") = "02. Enter Numbers", "02. Enter Numbers", "{67385F36-1E34-48B2-920F-F4A4F3584EAE}"
EndProject
Project("{2150E333-8FDC-42A3-9474-1A3956D46DE8}") = "03. Cards", "03. Cards", "{0CBCF0A0-F7DB-4682-BCDC-EB4300D3E4D7}"
EndProject
Project("{9A19103F-16F7-4668-BE54-9A1E7A4F7556}") = "03. Cards", "03. Cards\03. Cards.csproj", "{9DB86408-2C0E-40FF-93BE-FD3094726428}"
EndProject
Project("{2150E333-8FDC-42A3-9474-1A3956D46DE8}") = "04. Sum of Integers", "04. Sum of Integers", "{4282485C-E09F-44B4-BBEC-A45A7748C398}"
EndProject
Project("{9A19103F-16F7-4668-BE54-9A1E7A4F7556}") = "04. Sum of Integers", "04. Sum of Integers\04. Sum of Integers.csproj", "{0E8B5086-87FF-4794-B967-AB6E752532A3}"
EndProject
Project("{2150E333-8FDC-42A3-9474-1A3956D46DE8}") = "05. Play Catch", "05. Play Catch", "{E83BF40D-2CD2-45E3-9AB1-F3DAFD2D81EE}"
EndProject
Project("{9A19103F-16F7-4668-BE54-9A1E7A4F7556}") = "05. Play Catch", "05. Play Catch\05. Play Catch.csproj", "{6F50B188-755B-45C6-9BCB-855EC71F019F}"
EndProject
Project("{2150E333-8FDC-42A3-9474-1A3956D46DE8}") = "06. Money Transactions", "06. Money Transactions", "{E6463DA6-1616-4AB5-B22C-9F231B66A473}"
EndProject
Project("{9A19103F-16F7-4668-BE54-9A1E7A4F7556}") = "06. Money Transactions", "06. Money Transactions\06. Money Transactions.csproj", "{15E5AC38-E917-4331-9B8A-B3BC214B1C7E}"
EndProject
Project("{2150E333-8FDC-42A3-9474-1A3956D46DE8}") = "Tasks", "Tasks", "{C953D2CB-1954-42EB-8E69-D2EFEBB2EC5E}"
EndProject
Project("{2150E333-8FDC-42A3-9474-1A3956D46DE8}") = "Dictionary", "Dictionary", "{EE44F6E6-B5ED-404D-AD1B-CE5CA4D0172F}"
EndProject
Project("{9A19103F-16F7-4668-BE54-9A1E7A4F7556}") = "Dictionary", "Dictionary\Dictionary.csproj", "{6DFD0465-22A7-4DF6-84C4-3018AEE36861}"
EndProject
Project("{2150E333-8FDC-42A3-9474-1A3956D46DE8}") = "Pesho the SalesMan", "Pesho the SalesMan", "{23AD5ACA-8142-49F0-A140-3590833C0D96}"
EndProject
Project("{9A19103F-16F7-4668-BE54-9A1E7A4F7556}") = "Pesho theSalesMan", "Pesho theSalesMan\Pesho theSalesMan.csproj", "{5FC11F28-31DA-4625-AB0D-50D51A3AEABC}"
EndProject
Project("{2150E333-8FDC-42A3-9474-1A3956D46DE8}") = "Models", "Models", "{AA77FA68-903C-4E86-9D7D-95F730E0190D}"
EndProject
Project("{9A19103F-16F7-4668-BE54-9A1E7A4F7556}") = "02.Cars", "02.Cars\02.Cars.csproj", "{151ED1CD-0717-447F-9E4B-09EEFC404DC6}"
EndProject
Project("{9A19103F-16F7-4668-BE54-9A1E7A4F7556}") = "05.FootballTeamGenerator", "05.FootballTeamGenerator\05.FootballTeamGenerator.csproj", "{E2A2A46B-4597-43CC-AB36-7C68D902B5FA}"
EndProject
Project("{2150E333-8FDC-42A3-9474-1A3956D46DE8}") = "01. Vehicles", "01. Vehicles", "{DF99D23E-3A39-485C-A5FA-96C6FCE48E0F}"
EndProject
Project("{2150E333-8FDC-42A3-9474-1A3956D46DE8}") = "02. Vehicles Extension", "02. Vehicles Extension", "{9A8724BD-4257-4FEE-A8D0-6DBD593A93B6}"
EndProject
Project("{2150E333-8FDC-42A3-9474-1A3956D46DE8}") = "03. Raiding", "03. Raiding", "{5CB89F16-66CB-4578-A3C1-6F330DFAF19F}"
EndProject
Project("{2150E333-8FDC-42A3-9474-1A3956D46DE8}") = "04. Wild Farm", "04. Wild Farm", "{C6021431-FE07-49C0-8048-39B28DA1AE74}"
EndProject
Project("{2150E333-8FDC-42A3-9474-1A3956D46DE8}") = "06.Reflection and Attributes", "06.Reflection and Attributes", "{FFEE1A64-8AD9-46B8-9D73-A8CBA8207F52}"
EndProject
Project("{2150E333-8FDC-42A3-9474-1A3956D46DE8}") = "01. Stealer", "01. Stealer", "{FC04928F-9A94-4356-8DE3-EC2D4BEBB948}"
EndProject
Project("{2150E333-8FDC-42A3-9474-1A3956D46DE8}") = "02. High Quality Mistakes", "02. High Quality Mistakes", "{B14CFF52-2D9D-4E46-946C-651C479DA1A0}"
EndProject
Project("{2150E333-8FDC-42A3-9474-1A3956D46DE8}") = "03. Mission Private Impossible", "03. Mission Private Impossible", "{924C3C1B-74B0-499A-B977-F15AC607CCA3}"
EndProject
Project("{2150E333-8FDC-42A3-9474-1A3956D46DE8}") = "04. Collector", "04. Collector", "{24A50547-7447-400B-906E-5D75237026A1}"
EndProject
Project("{2150E333-8FDC-42A3-9474-1A3956D46DE8}") = "05. Create Attribute", "05. Create Attribute", "{E8030928-85A7-48F8-98CE-D3491737A3C9}"
EndProject
Project("{2150E333-8FDC-42A3-9474-1A3956D46DE8}") = "06. Code Tracker", "06. Code Tracker", "{472E85B0-4EEC-46DB-A877-BDBF4CA17F29}"
EndProject
Project("{2150E333-8FDC-42A3-9474-1A3956D46DE8}") = "Lab", "Lab", "{5347EBCF-B4C7-44C6-BAC1-F60CFB647731}"
EndProject
Project("{2150E333-8FDC-42A3-9474-1A3956D46DE8}") = "Exe", "Exe", "{45881B07-3A9F-483E-B1FE-D837E75C4441}"
EndProject
Project("{2150E333-8FDC-42A3-9474-1A3956D46DE8}") = "01. Command Pattern", "01. Command Pattern", "{9BA7DB4A-AD69-492E-B1C5-1472643DD851}"
EndProject
Project("{2150E333-8FDC-42A3-9474-1A3956D46DE8}") = "02. Validation Attributes", "02. Validation Attributes", "{8FE56149-D3AD-412B-AFAB-389CA99FB58A}"
EndProject
Project("{9A19103F-16F7-4668-BE54-9A1E7A4F7556}") = "Vehicles", "Vehicles\Vehicles.csproj", "{C472DB0D-B17D-4CDB-83D4-44315AC3D792}"
EndProject
Project("{9A19103F-16F7-4668-BE54-9A1E7A4F7556}") = "VehiclesExtension", "VehiclesExtension\VehiclesExtension.csproj", "{49FA37CC-A196-4B40-98FB-A0B06D1E2449}"
EndProject
Project("{2150E333-8FDC-42A3-9474-1A3956D46DE8}") = "OOP Exam 15 August 2021", "OOP Exam 15 August 2021", "{99E9BD67-866C-451C-B37C-045F2FB3A69E}"
EndProject
Project("{9A19103F-16F7-4668-BE54-9A1E7A4F7556}") = "Raiding", "Raiding\Raiding.csproj", "{E237BB66-A2AB-4982-AD61-48FBC2471C76}"
EndProject
Project("{9A19103F-16F7-4668-BE54-9A1E7A4F7556}") = "WildFarm", "WildFarm\WildFarm.csproj", "{D05B3AD2-DC1C-4C03-8112-250473AA628C}"
EndProject
Project("{2150E333-8FDC-42A3-9474-1A3956D46DE8}") = "OOP Exam April 18  2022", "OOP Exam April 18  2022", "{6B798D92-9616-4950-BAC6-2EF1AFD04001}"
EndProject
Project("{2150E333-8FDC-42A3-9474-1A3956D46DE8}") = "Exam", "Exam", "{CA0BECDF-2A4C-4141-9E5F-835453CC8965}"
EndProject
Project("{2150E333-8FDC-42A3-9474-1A3956D46DE8}") = "OOP Exam Retake 20 December 2021", "OOP Exam Retake 20 December 2021", "{728E90EA-2B7D-4C63-84B7-8F54E94414FB}"
EndProject
Project("{2150E333-8FDC-42A3-9474-1A3956D46DE8}") = "Exam", "Exam", "{143B58AA-9CAB-4B03-8756-FD183E29B507}"
EndProject
Project("{2150E333-8FDC-42A3-9474-1A3956D46DE8}") = "Gym", "Gym", "{E5EE5905-AFBD-4F2B-A05D-4E32C99CB97E}"
EndProject
Project("{2150E333-8FDC-42A3-9474-1A3956D46DE8}") = "07.Unit Testing", "07.Unit Testing", "{980F76FA-1EBF-4EA2-BA38-6E0124F77BCD}"
EndProject
Project("{2150E333-8FDC-42A3-9474-1A3956D46DE8}") = "Lab", "Lab", "{44833117-1F8C-4018-A59D-B1AA9CD85F38}"
EndProject
Project("{2150E333-8FDC-42A3-9474-1A3956D46DE8}") = "Exe", "Exe", "{98509D58-3BF7-419D-AEE9-BED760A73322}"
EndProject
Project("{9A19103F-16F7-4668-BE54-9A1E7A4F7556}") = "01. Test Axe", "01. Test Axe\01. Test Axe.csproj", "{9BFC0F3C-D028-4980-A90F-8038B53F8274}"
EndProject
Project("{9A19103F-16F7-4668-BE54-9A1E7A4F7556}") = "02. Dummy Tests", "02. Dummy Tests\02. Dummy Tests.csproj", "{B446ED9A-A68F-4F60-90AD-22CB2E27E0BE}"
EndProject
Global
	GlobalSection(SolutionConfigurationPlatforms) = preSolution
		Debug|Any CPU = Debug|Any CPU
		Release|Any CPU = Release|Any CPU
	EndGlobalSection
	GlobalSection(ProjectConfigurationPlatforms) = postSolution
		{F6855D7A-FF92-4E1E-BCB6-72F1B1DAEF2B}.Debug|Any CPU.ActiveCfg = Debug|Any CPU
		{F6855D7A-FF92-4E1E-BCB6-72F1B1DAEF2B}.Debug|Any CPU.Build.0 = Debug|Any CPU
		{F6855D7A-FF92-4E1E-BCB6-72F1B1DAEF2B}.Release|Any CPU.ActiveCfg = Release|Any CPU
		{F6855D7A-FF92-4E1E-BCB6-72F1B1DAEF2B}.Release|Any CPU.Build.0 = Release|Any CPU
		{42CD5E33-A9AE-47BA-8AE4-545D8D092C2A}.Debug|Any CPU.ActiveCfg = Debug|Any CPU
		{42CD5E33-A9AE-47BA-8AE4-545D8D092C2A}.Debug|Any CPU.Build.0 = Debug|Any CPU
		{42CD5E33-A9AE-47BA-8AE4-545D8D092C2A}.Release|Any CPU.ActiveCfg = Release|Any CPU
		{42CD5E33-A9AE-47BA-8AE4-545D8D092C2A}.Release|Any CPU.Build.0 = Release|Any CPU
		{50A28449-4909-4EB3-9F98-AB88B0A50F4D}.Debug|Any CPU.ActiveCfg = Debug|Any CPU
		{50A28449-4909-4EB3-9F98-AB88B0A50F4D}.Debug|Any CPU.Build.0 = Debug|Any CPU
		{50A28449-4909-4EB3-9F98-AB88B0A50F4D}.Release|Any CPU.ActiveCfg = Release|Any CPU
		{50A28449-4909-4EB3-9F98-AB88B0A50F4D}.Release|Any CPU.Build.0 = Release|Any CPU
		{E7EBD5D4-9815-4B8D-9F66-73C40C25A276}.Debug|Any CPU.ActiveCfg = Debug|Any CPU
		{E7EBD5D4-9815-4B8D-9F66-73C40C25A276}.Debug|Any CPU.Build.0 = Debug|Any CPU
		{E7EBD5D4-9815-4B8D-9F66-73C40C25A276}.Release|Any CPU.ActiveCfg = Release|Any CPU
		{E7EBD5D4-9815-4B8D-9F66-73C40C25A276}.Release|Any CPU.Build.0 = Release|Any CPU
		{C1ED50FD-BF07-487E-BB50-DCFAD1D1A696}.Debug|Any CPU.ActiveCfg = Debug|Any CPU
		{C1ED50FD-BF07-487E-BB50-DCFAD1D1A696}.Debug|Any CPU.Build.0 = Debug|Any CPU
		{C1ED50FD-BF07-487E-BB50-DCFAD1D1A696}.Release|Any CPU.ActiveCfg = Release|Any CPU
		{C1ED50FD-BF07-487E-BB50-DCFAD1D1A696}.Release|Any CPU.Build.0 = Release|Any CPU
		{B6DB6116-55B7-4A29-91D4-56F8FBD03C42}.Debug|Any CPU.ActiveCfg = Debug|Any CPU
		{B6DB6116-55B7-4A29-91D4-56F8FBD03C42}.Debug|Any CPU.Build.0 = Debug|Any CPU
		{B6DB6116-55B7-4A29-91D4-56F8FBD03C42}.Release|Any CPU.ActiveCfg = Release|Any CPU
		{B6DB6116-55B7-4A29-91D4-56F8FBD03C42}.Release|Any CPU.Build.0 = Release|Any CPU
		{16D84733-8E8D-4076-8DFB-FF484796D95A}.Debug|Any CPU.ActiveCfg = Debug|Any CPU
		{16D84733-8E8D-4076-8DFB-FF484796D95A}.Debug|Any CPU.Build.0 = Debug|Any CPU
		{16D84733-8E8D-4076-8DFB-FF484796D95A}.Release|Any CPU.ActiveCfg = Release|Any CPU
		{16D84733-8E8D-4076-8DFB-FF484796D95A}.Release|Any CPU.Build.0 = Release|Any CPU
		{7EC71B41-EC43-4F80-A815-A5631ABFC9A9}.Debug|Any CPU.ActiveCfg = Debug|Any CPU
		{7EC71B41-EC43-4F80-A815-A5631ABFC9A9}.Debug|Any CPU.Build.0 = Debug|Any CPU
		{7EC71B41-EC43-4F80-A815-A5631ABFC9A9}.Release|Any CPU.ActiveCfg = Release|Any CPU
		{7EC71B41-EC43-4F80-A815-A5631ABFC9A9}.Release|Any CPU.Build.0 = Release|Any CPU
		{F04853BE-9DC8-48AF-9A6D-C402A99AAFAC}.Debug|Any CPU.ActiveCfg = Debug|Any CPU
		{F04853BE-9DC8-48AF-9A6D-C402A99AAFAC}.Debug|Any CPU.Build.0 = Debug|Any CPU
		{F04853BE-9DC8-48AF-9A6D-C402A99AAFAC}.Release|Any CPU.ActiveCfg = Release|Any CPU
		{F04853BE-9DC8-48AF-9A6D-C402A99AAFAC}.Release|Any CPU.Build.0 = Release|Any CPU
		{8CAC8A67-7D70-4ED5-BD88-4FAA88C7094C}.Debug|Any CPU.ActiveCfg = Debug|Any CPU
		{8CAC8A67-7D70-4ED5-BD88-4FAA88C7094C}.Debug|Any CPU.Build.0 = Debug|Any CPU
		{8CAC8A67-7D70-4ED5-BD88-4FAA88C7094C}.Release|Any CPU.ActiveCfg = Release|Any CPU
		{8CAC8A67-7D70-4ED5-BD88-4FAA88C7094C}.Release|Any CPU.Build.0 = Release|Any CPU
		{3FA31A61-2323-458F-B8C1-1E5CA2D762A7}.Debug|Any CPU.ActiveCfg = Debug|Any CPU
		{3FA31A61-2323-458F-B8C1-1E5CA2D762A7}.Debug|Any CPU.Build.0 = Debug|Any CPU
		{3FA31A61-2323-458F-B8C1-1E5CA2D762A7}.Release|Any CPU.ActiveCfg = Release|Any CPU
		{3FA31A61-2323-458F-B8C1-1E5CA2D762A7}.Release|Any CPU.Build.0 = Release|Any CPU
		{A8E7C4AD-14D2-4825-A3C3-6DEEC1794A9A}.Debug|Any CPU.ActiveCfg = Debug|Any CPU
		{A8E7C4AD-14D2-4825-A3C3-6DEEC1794A9A}.Debug|Any CPU.Build.0 = Debug|Any CPU
		{A8E7C4AD-14D2-4825-A3C3-6DEEC1794A9A}.Release|Any CPU.ActiveCfg = Release|Any CPU
		{A8E7C4AD-14D2-4825-A3C3-6DEEC1794A9A}.Release|Any CPU.Build.0 = Release|Any CPU
		{A525F42E-CF59-40FC-921B-ABEAFDFE4312}.Debug|Any CPU.ActiveCfg = Debug|Any CPU
		{A525F42E-CF59-40FC-921B-ABEAFDFE4312}.Debug|Any CPU.Build.0 = Debug|Any CPU
		{A525F42E-CF59-40FC-921B-ABEAFDFE4312}.Release|Any CPU.ActiveCfg = Release|Any CPU
		{A525F42E-CF59-40FC-921B-ABEAFDFE4312}.Release|Any CPU.Build.0 = Release|Any CPU
		{2486285B-F596-44CD-A541-AC1636856A1F}.Debug|Any CPU.ActiveCfg = Debug|Any CPU
		{2486285B-F596-44CD-A541-AC1636856A1F}.Debug|Any CPU.Build.0 = Debug|Any CPU
		{2486285B-F596-44CD-A541-AC1636856A1F}.Release|Any CPU.ActiveCfg = Release|Any CPU
		{2486285B-F596-44CD-A541-AC1636856A1F}.Release|Any CPU.Build.0 = Release|Any CPU
		{4B9F9A53-3143-42EA-B3B5-6342A04FA66B}.Debug|Any CPU.ActiveCfg = Debug|Any CPU
		{4B9F9A53-3143-42EA-B3B5-6342A04FA66B}.Debug|Any CPU.Build.0 = Debug|Any CPU
		{4B9F9A53-3143-42EA-B3B5-6342A04FA66B}.Release|Any CPU.ActiveCfg = Release|Any CPU
		{4B9F9A53-3143-42EA-B3B5-6342A04FA66B}.Release|Any CPU.Build.0 = Release|Any CPU
		{866A3AF4-0F8C-4EC0-A4E6-9809C5CFFDF7}.Debug|Any CPU.ActiveCfg = Debug|Any CPU
		{866A3AF4-0F8C-4EC0-A4E6-9809C5CFFDF7}.Debug|Any CPU.Build.0 = Debug|Any CPU
		{866A3AF4-0F8C-4EC0-A4E6-9809C5CFFDF7}.Release|Any CPU.ActiveCfg = Release|Any CPU
		{866A3AF4-0F8C-4EC0-A4E6-9809C5CFFDF7}.Release|Any CPU.Build.0 = Release|Any CPU
		{E9F4BBC2-5A84-450A-8A89-DA6660139339}.Debug|Any CPU.ActiveCfg = Debug|Any CPU
		{E9F4BBC2-5A84-450A-8A89-DA6660139339}.Debug|Any CPU.Build.0 = Debug|Any CPU
		{E9F4BBC2-5A84-450A-8A89-DA6660139339}.Release|Any CPU.ActiveCfg = Release|Any CPU
		{E9F4BBC2-5A84-450A-8A89-DA6660139339}.Release|Any CPU.Build.0 = Release|Any CPU
		{6549CB67-60A8-4585-BCC0-C506D337343F}.Debug|Any CPU.ActiveCfg = Debug|Any CPU
		{6549CB67-60A8-4585-BCC0-C506D337343F}.Debug|Any CPU.Build.0 = Debug|Any CPU
		{6549CB67-60A8-4585-BCC0-C506D337343F}.Release|Any CPU.ActiveCfg = Release|Any CPU
		{6549CB67-60A8-4585-BCC0-C506D337343F}.Release|Any CPU.Build.0 = Release|Any CPU
		{AF852C6D-5A76-41B3-B8A7-5BB082C19509}.Debug|Any CPU.ActiveCfg = Debug|Any CPU
		{AF852C6D-5A76-41B3-B8A7-5BB082C19509}.Debug|Any CPU.Build.0 = Debug|Any CPU
		{AF852C6D-5A76-41B3-B8A7-5BB082C19509}.Release|Any CPU.ActiveCfg = Release|Any CPU
		{AF852C6D-5A76-41B3-B8A7-5BB082C19509}.Release|Any CPU.Build.0 = Release|Any CPU
		{C1B657AB-BAA0-4B3A-BB24-812888E663DF}.Debug|Any CPU.ActiveCfg = Debug|Any CPU
		{C1B657AB-BAA0-4B3A-BB24-812888E663DF}.Debug|Any CPU.Build.0 = Debug|Any CPU
		{C1B657AB-BAA0-4B3A-BB24-812888E663DF}.Release|Any CPU.ActiveCfg = Release|Any CPU
		{C1B657AB-BAA0-4B3A-BB24-812888E663DF}.Release|Any CPU.Build.0 = Release|Any CPU
		{096B00A5-28B9-422A-B174-F0C0D6457403}.Debug|Any CPU.ActiveCfg = Debug|Any CPU
		{096B00A5-28B9-422A-B174-F0C0D6457403}.Debug|Any CPU.Build.0 = Debug|Any CPU
		{096B00A5-28B9-422A-B174-F0C0D6457403}.Release|Any CPU.ActiveCfg = Release|Any CPU
		{096B00A5-28B9-422A-B174-F0C0D6457403}.Release|Any CPU.Build.0 = Release|Any CPU
		{64A6F476-CE05-4E18-96E5-94C872E66604}.Debug|Any CPU.ActiveCfg = Debug|Any CPU
		{64A6F476-CE05-4E18-96E5-94C872E66604}.Debug|Any CPU.Build.0 = Debug|Any CPU
		{64A6F476-CE05-4E18-96E5-94C872E66604}.Release|Any CPU.ActiveCfg = Release|Any CPU
		{64A6F476-CE05-4E18-96E5-94C872E66604}.Release|Any CPU.Build.0 = Release|Any CPU
		{EDDBAF8F-70F0-4EBF-A07B-B72D602F3F53}.Debug|Any CPU.ActiveCfg = Debug|Any CPU
		{EDDBAF8F-70F0-4EBF-A07B-B72D602F3F53}.Debug|Any CPU.Build.0 = Debug|Any CPU
		{EDDBAF8F-70F0-4EBF-A07B-B72D602F3F53}.Release|Any CPU.ActiveCfg = Release|Any CPU
		{EDDBAF8F-70F0-4EBF-A07B-B72D602F3F53}.Release|Any CPU.Build.0 = Release|Any CPU
		{74A03ACE-288D-4A4F-B2A8-B3EC6915C746}.Debug|Any CPU.ActiveCfg = Debug|Any CPU
		{74A03ACE-288D-4A4F-B2A8-B3EC6915C746}.Debug|Any CPU.Build.0 = Debug|Any CPU
		{74A03ACE-288D-4A4F-B2A8-B3EC6915C746}.Release|Any CPU.ActiveCfg = Release|Any CPU
		{74A03ACE-288D-4A4F-B2A8-B3EC6915C746}.Release|Any CPU.Build.0 = Release|Any CPU
		{88711FD8-E524-49A5-95A4-0D495C81C5EC}.Debug|Any CPU.ActiveCfg = Debug|Any CPU
		{88711FD8-E524-49A5-95A4-0D495C81C5EC}.Debug|Any CPU.Build.0 = Debug|Any CPU
		{88711FD8-E524-49A5-95A4-0D495C81C5EC}.Release|Any CPU.ActiveCfg = Release|Any CPU
		{88711FD8-E524-49A5-95A4-0D495C81C5EC}.Release|Any CPU.Build.0 = Release|Any CPU
		{4A49CF00-D51A-4290-B0CB-0242DB64BD34}.Debug|Any CPU.ActiveCfg = Debug|Any CPU
		{4A49CF00-D51A-4290-B0CB-0242DB64BD34}.Debug|Any CPU.Build.0 = Debug|Any CPU
		{4A49CF00-D51A-4290-B0CB-0242DB64BD34}.Release|Any CPU.ActiveCfg = Release|Any CPU
		{4A49CF00-D51A-4290-B0CB-0242DB64BD34}.Release|Any CPU.Build.0 = Release|Any CPU
		{38D54813-BD3A-4711-B3E8-AB21427A39A9}.Debug|Any CPU.ActiveCfg = Debug|Any CPU
		{38D54813-BD3A-4711-B3E8-AB21427A39A9}.Debug|Any CPU.Build.0 = Debug|Any CPU
		{38D54813-BD3A-4711-B3E8-AB21427A39A9}.Release|Any CPU.ActiveCfg = Release|Any CPU
		{38D54813-BD3A-4711-B3E8-AB21427A39A9}.Release|Any CPU.Build.0 = Release|Any CPU
		{22234572-917A-4F0E-BCE0-0319C1C5F8BB}.Debug|Any CPU.ActiveCfg = Debug|Any CPU
		{22234572-917A-4F0E-BCE0-0319C1C5F8BB}.Debug|Any CPU.Build.0 = Debug|Any CPU
		{22234572-917A-4F0E-BCE0-0319C1C5F8BB}.Release|Any CPU.ActiveCfg = Release|Any CPU
		{22234572-917A-4F0E-BCE0-0319C1C5F8BB}.Release|Any CPU.Build.0 = Release|Any CPU
		{23D59994-01B2-4B16-A189-A3BB3487E1D6}.Debug|Any CPU.ActiveCfg = Debug|Any CPU
		{23D59994-01B2-4B16-A189-A3BB3487E1D6}.Debug|Any CPU.Build.0 = Debug|Any CPU
		{23D59994-01B2-4B16-A189-A3BB3487E1D6}.Release|Any CPU.ActiveCfg = Release|Any CPU
		{23D59994-01B2-4B16-A189-A3BB3487E1D6}.Release|Any CPU.Build.0 = Release|Any CPU
		{721F8CD3-AC05-4E36-885B-FE09585197A8}.Debug|Any CPU.ActiveCfg = Debug|Any CPU
		{721F8CD3-AC05-4E36-885B-FE09585197A8}.Debug|Any CPU.Build.0 = Debug|Any CPU
		{721F8CD3-AC05-4E36-885B-FE09585197A8}.Release|Any CPU.ActiveCfg = Release|Any CPU
		{721F8CD3-AC05-4E36-885B-FE09585197A8}.Release|Any CPU.Build.0 = Release|Any CPU
		{F55B891A-9559-494E-BB6F-339733F2910C}.Debug|Any CPU.ActiveCfg = Debug|Any CPU
		{F55B891A-9559-494E-BB6F-339733F2910C}.Debug|Any CPU.Build.0 = Debug|Any CPU
		{F55B891A-9559-494E-BB6F-339733F2910C}.Release|Any CPU.ActiveCfg = Release|Any CPU
		{F55B891A-9559-494E-BB6F-339733F2910C}.Release|Any CPU.Build.0 = Release|Any CPU
		{10277DA4-A819-4E6E-B510-8DEF009B7535}.Debug|Any CPU.ActiveCfg = Debug|Any CPU
		{10277DA4-A819-4E6E-B510-8DEF009B7535}.Debug|Any CPU.Build.0 = Debug|Any CPU
		{10277DA4-A819-4E6E-B510-8DEF009B7535}.Release|Any CPU.ActiveCfg = Release|Any CPU
		{10277DA4-A819-4E6E-B510-8DEF009B7535}.Release|Any CPU.Build.0 = Release|Any CPU
		{9DB86408-2C0E-40FF-93BE-FD3094726428}.Debug|Any CPU.ActiveCfg = Debug|Any CPU
		{9DB86408-2C0E-40FF-93BE-FD3094726428}.Debug|Any CPU.Build.0 = Debug|Any CPU
		{9DB86408-2C0E-40FF-93BE-FD3094726428}.Release|Any CPU.ActiveCfg = Release|Any CPU
		{9DB86408-2C0E-40FF-93BE-FD3094726428}.Release|Any CPU.Build.0 = Release|Any CPU
		{0E8B5086-87FF-4794-B967-AB6E752532A3}.Debug|Any CPU.ActiveCfg = Debug|Any CPU
		{0E8B5086-87FF-4794-B967-AB6E752532A3}.Debug|Any CPU.Build.0 = Debug|Any CPU
		{0E8B5086-87FF-4794-B967-AB6E752532A3}.Release|Any CPU.ActiveCfg = Release|Any CPU
		{0E8B5086-87FF-4794-B967-AB6E752532A3}.Release|Any CPU.Build.0 = Release|Any CPU
		{6F50B188-755B-45C6-9BCB-855EC71F019F}.Debug|Any CPU.ActiveCfg = Debug|Any CPU
		{6F50B188-755B-45C6-9BCB-855EC71F019F}.Debug|Any CPU.Build.0 = Debug|Any CPU
		{6F50B188-755B-45C6-9BCB-855EC71F019F}.Release|Any CPU.ActiveCfg = Release|Any CPU
		{6F50B188-755B-45C6-9BCB-855EC71F019F}.Release|Any CPU.Build.0 = Release|Any CPU
		{15E5AC38-E917-4331-9B8A-B3BC214B1C7E}.Debug|Any CPU.ActiveCfg = Debug|Any CPU
		{15E5AC38-E917-4331-9B8A-B3BC214B1C7E}.Debug|Any CPU.Build.0 = Debug|Any CPU
		{15E5AC38-E917-4331-9B8A-B3BC214B1C7E}.Release|Any CPU.ActiveCfg = Release|Any CPU
		{15E5AC38-E917-4331-9B8A-B3BC214B1C7E}.Release|Any CPU.Build.0 = Release|Any CPU
		{6DFD0465-22A7-4DF6-84C4-3018AEE36861}.Debug|Any CPU.ActiveCfg = Debug|Any CPU
		{6DFD0465-22A7-4DF6-84C4-3018AEE36861}.Debug|Any CPU.Build.0 = Debug|Any CPU
		{6DFD0465-22A7-4DF6-84C4-3018AEE36861}.Release|Any CPU.ActiveCfg = Release|Any CPU
		{6DFD0465-22A7-4DF6-84C4-3018AEE36861}.Release|Any CPU.Build.0 = Release|Any CPU
		{5FC11F28-31DA-4625-AB0D-50D51A3AEABC}.Debug|Any CPU.ActiveCfg = Debug|Any CPU
		{5FC11F28-31DA-4625-AB0D-50D51A3AEABC}.Debug|Any CPU.Build.0 = Debug|Any CPU
		{5FC11F28-31DA-4625-AB0D-50D51A3AEABC}.Release|Any CPU.ActiveCfg = Release|Any CPU
		{5FC11F28-31DA-4625-AB0D-50D51A3AEABC}.Release|Any CPU.Build.0 = Release|Any CPU
		{151ED1CD-0717-447F-9E4B-09EEFC404DC6}.Debug|Any CPU.ActiveCfg = Debug|Any CPU
		{151ED1CD-0717-447F-9E4B-09EEFC404DC6}.Debug|Any CPU.Build.0 = Debug|Any CPU
		{151ED1CD-0717-447F-9E4B-09EEFC404DC6}.Release|Any CPU.ActiveCfg = Release|Any CPU
		{151ED1CD-0717-447F-9E4B-09EEFC404DC6}.Release|Any CPU.Build.0 = Release|Any CPU
		{E2A2A46B-4597-43CC-AB36-7C68D902B5FA}.Debug|Any CPU.ActiveCfg = Debug|Any CPU
		{E2A2A46B-4597-43CC-AB36-7C68D902B5FA}.Debug|Any CPU.Build.0 = Debug|Any CPU
		{E2A2A46B-4597-43CC-AB36-7C68D902B5FA}.Release|Any CPU.ActiveCfg = Release|Any CPU
		{E2A2A46B-4597-43CC-AB36-7C68D902B5FA}.Release|Any CPU.Build.0 = Release|Any CPU
		{C472DB0D-B17D-4CDB-83D4-44315AC3D792}.Debug|Any CPU.ActiveCfg = Debug|Any CPU
		{C472DB0D-B17D-4CDB-83D4-44315AC3D792}.Debug|Any CPU.Build.0 = Debug|Any CPU
		{C472DB0D-B17D-4CDB-83D4-44315AC3D792}.Release|Any CPU.ActiveCfg = Release|Any CPU
		{C472DB0D-B17D-4CDB-83D4-44315AC3D792}.Release|Any CPU.Build.0 = Release|Any CPU
		{49FA37CC-A196-4B40-98FB-A0B06D1E2449}.Debug|Any CPU.ActiveCfg = Debug|Any CPU
		{49FA37CC-A196-4B40-98FB-A0B06D1E2449}.Debug|Any CPU.Build.0 = Debug|Any CPU
		{49FA37CC-A196-4B40-98FB-A0B06D1E2449}.Release|Any CPU.ActiveCfg = Release|Any CPU
		{49FA37CC-A196-4B40-98FB-A0B06D1E2449}.Release|Any CPU.Build.0 = Release|Any CPU
		{E237BB66-A2AB-4982-AD61-48FBC2471C76}.Debug|Any CPU.ActiveCfg = Debug|Any CPU
		{E237BB66-A2AB-4982-AD61-48FBC2471C76}.Debug|Any CPU.Build.0 = Debug|Any CPU
		{E237BB66-A2AB-4982-AD61-48FBC2471C76}.Release|Any CPU.ActiveCfg = Release|Any CPU
		{E237BB66-A2AB-4982-AD61-48FBC2471C76}.Release|Any CPU.Build.0 = Release|Any CPU
		{D05B3AD2-DC1C-4C03-8112-250473AA628C}.Debug|Any CPU.ActiveCfg = Debug|Any CPU
		{D05B3AD2-DC1C-4C03-8112-250473AA628C}.Debug|Any CPU.Build.0 = Debug|Any CPU
		{D05B3AD2-DC1C-4C03-8112-250473AA628C}.Release|Any CPU.ActiveCfg = Release|Any CPU
		{D05B3AD2-DC1C-4C03-8112-250473AA628C}.Release|Any CPU.Build.0 = Release|Any CPU
		{9BFC0F3C-D028-4980-A90F-8038B53F8274}.Debug|Any CPU.ActiveCfg = Debug|Any CPU
		{9BFC0F3C-D028-4980-A90F-8038B53F8274}.Debug|Any CPU.Build.0 = Debug|Any CPU
		{9BFC0F3C-D028-4980-A90F-8038B53F8274}.Release|Any CPU.ActiveCfg = Release|Any CPU
		{9BFC0F3C-D028-4980-A90F-8038B53F8274}.Release|Any CPU.Build.0 = Release|Any CPU
		{B446ED9A-A68F-4F60-90AD-22CB2E27E0BE}.Debug|Any CPU.ActiveCfg = Debug|Any CPU
		{B446ED9A-A68F-4F60-90AD-22CB2E27E0BE}.Debug|Any CPU.Build.0 = Debug|Any CPU
		{B446ED9A-A68F-4F60-90AD-22CB2E27E0BE}.Release|Any CPU.ActiveCfg = Release|Any CPU
		{B446ED9A-A68F-4F60-90AD-22CB2E27E0BE}.Release|Any CPU.Build.0 = Release|Any CPU
	EndGlobalSection
	GlobalSection(SolutionProperties) = preSolution
		HideSolutionNode = FALSE
	EndGlobalSection
	GlobalSection(NestedProjects) = preSolution
		{B6470FD7-E575-4C6D-B177-F1C32A7034CD} = {0CB61813-A608-4201-872B-44CA38625500}
		{D07519C6-CA68-4606-8BBB-0DA237ACCF0C} = {0CB61813-A608-4201-872B-44CA38625500}
		{C0F222A1-BFD5-40AE-8868-FB2D948F913F} = {B6470FD7-E575-4C6D-B177-F1C32A7034CD}
		{F6855D7A-FF92-4E1E-BCB6-72F1B1DAEF2B} = {C0F222A1-BFD5-40AE-8868-FB2D948F913F}
		{9D13F9F4-046C-4A04-BEB5-09EB85C28721} = {B6470FD7-E575-4C6D-B177-F1C32A7034CD}
		{42CD5E33-A9AE-47BA-8AE4-545D8D092C2A} = {9D13F9F4-046C-4A04-BEB5-09EB85C28721}
		{B03D4121-7290-4D94-9FB5-4702B4B520E0} = {B6470FD7-E575-4C6D-B177-F1C32A7034CD}
		{50A28449-4909-4EB3-9F98-AB88B0A50F4D} = {B03D4121-7290-4D94-9FB5-4702B4B520E0}
		{33614EC6-A596-4B46-9A8C-5941C81C2ECE} = {B6470FD7-E575-4C6D-B177-F1C32A7034CD}
		{E7EBD5D4-9815-4B8D-9F66-73C40C25A276} = {33614EC6-A596-4B46-9A8C-5941C81C2ECE}
		{3D40828A-A60C-4C59-BF73-082E526FEA6B} = {B6470FD7-E575-4C6D-B177-F1C32A7034CD}
		{C1ED50FD-BF07-487E-BB50-DCFAD1D1A696} = {3D40828A-A60C-4C59-BF73-082E526FEA6B}
		{2C15428E-B498-4FD3-87F4-18D2C6292642} = {D07519C6-CA68-4606-8BBB-0DA237ACCF0C}
		{B6DB6116-55B7-4A29-91D4-56F8FBD03C42} = {2C15428E-B498-4FD3-87F4-18D2C6292642}
		{D76B57D9-6EC2-4D24-97C8-C9C5C84AEB04} = {D07519C6-CA68-4606-8BBB-0DA237ACCF0C}
		{16D84733-8E8D-4076-8DFB-FF484796D95A} = {D76B57D9-6EC2-4D24-97C8-C9C5C84AEB04}
		{66053CA9-99EE-45C5-88CF-D8B719117C51} = {D07519C6-CA68-4606-8BBB-0DA237ACCF0C}
		{7EC71B41-EC43-4F80-A815-A5631ABFC9A9} = {66053CA9-99EE-45C5-88CF-D8B719117C51}
		{E0B7E7EB-B664-4BC4-A605-9FC815FDDDA7} = {D07519C6-CA68-4606-8BBB-0DA237ACCF0C}
		{F04853BE-9DC8-48AF-9A6D-C402A99AAFAC} = {E0B7E7EB-B664-4BC4-A605-9FC815FDDDA7}
		{7FA76C9B-D700-4237-84CA-A78CC558526F} = {D07519C6-CA68-4606-8BBB-0DA237ACCF0C}
		{8CAC8A67-7D70-4ED5-BD88-4FAA88C7094C} = {7FA76C9B-D700-4237-84CA-A78CC558526F}
		{AE0A65F6-B43E-4D2C-A06A-46FD6A454625} = {D07519C6-CA68-4606-8BBB-0DA237ACCF0C}
		{3FA31A61-2323-458F-B8C1-1E5CA2D762A7} = {AE0A65F6-B43E-4D2C-A06A-46FD6A454625}
		{045ADAAB-6984-4B04-8DCC-C655CDC404C3} = {39FBF68F-FB2B-413A-818E-94F6AF89E880}
		{7FA83ADE-F83D-4E6F-A1CD-0E31CDEA38B9} = {39FBF68F-FB2B-413A-818E-94F6AF89E880}
		{9FD3A26F-4481-4A40-BC3C-037DAA1986C6} = {045ADAAB-6984-4B04-8DCC-C655CDC404C3}
		{A8E7C4AD-14D2-4825-A3C3-6DEEC1794A9A} = {9FD3A26F-4481-4A40-BC3C-037DAA1986C6}
		{D4D7AA33-9E03-40DA-B945-0B44CFFDCE8E} = {045ADAAB-6984-4B04-8DCC-C655CDC404C3}
		{A525F42E-CF59-40FC-921B-ABEAFDFE4312} = {D4D7AA33-9E03-40DA-B945-0B44CFFDCE8E}
		{903CEBAB-7ADF-4256-AD2B-C78F15BE0D0F} = {045ADAAB-6984-4B04-8DCC-C655CDC404C3}
		{2486285B-F596-44CD-A541-AC1636856A1F} = {903CEBAB-7ADF-4256-AD2B-C78F15BE0D0F}
		{484C9AEB-5BAC-4804-AD72-3FA2414FF431} = {045ADAAB-6984-4B04-8DCC-C655CDC404C3}
		{4B9F9A53-3143-42EA-B3B5-6342A04FA66B} = {484C9AEB-5BAC-4804-AD72-3FA2414FF431}
		{31E4E945-234E-4225-BD29-DD42AE5BF837} = {7FA83ADE-F83D-4E6F-A1CD-0E31CDEA38B9}
		{866A3AF4-0F8C-4EC0-A4E6-9809C5CFFDF7} = {31E4E945-234E-4225-BD29-DD42AE5BF837}
		{31AB9256-9CFB-4C26-820F-1D5A3DA9EA5B} = {7FA83ADE-F83D-4E6F-A1CD-0E31CDEA38B9}
		{E9F4BBC2-5A84-450A-8A89-DA6660139339} = {31AB9256-9CFB-4C26-820F-1D5A3DA9EA5B}
		{1ACCC044-F74B-40E9-B19E-A8F51ADDCDF5} = {7FA83ADE-F83D-4E6F-A1CD-0E31CDEA38B9}
		{6549CB67-60A8-4585-BCC0-C506D337343F} = {1ACCC044-F74B-40E9-B19E-A8F51ADDCDF5}
		{5F36FDAE-A035-4BAA-B6AA-AA4630EA2426} = {7FA83ADE-F83D-4E6F-A1CD-0E31CDEA38B9}
		{AF852C6D-5A76-41B3-B8A7-5BB082C19509} = {5F36FDAE-A035-4BAA-B6AA-AA4630EA2426}
		{B0BC951A-09F2-42F5-925F-9C7976D20331} = {7FA83ADE-F83D-4E6F-A1CD-0E31CDEA38B9}
		{6C35082E-E387-44F0-9CF2-FF84ECF5BF00} = {B2DE1203-7C2B-45FF-A4E3-16E53048D6A8}
		{CACAB5AE-A4C4-491A-97D7-52A6ABAE4391} = {B2DE1203-7C2B-45FF-A4E3-16E53048D6A8}
		{362FA182-28ED-45FE-865B-A6F5F2A6896B} = {6C35082E-E387-44F0-9CF2-FF84ECF5BF00}
		{C1B657AB-BAA0-4B3A-BB24-812888E663DF} = {362FA182-28ED-45FE-865B-A6F5F2A6896B}
		{E26A9EEE-0979-4D6E-85D1-196C1289765F} = {6C35082E-E387-44F0-9CF2-FF84ECF5BF00}
		{396686D8-0D60-4470-ABDB-E1B3D0C4AA7A} = {CACAB5AE-A4C4-491A-97D7-52A6ABAE4391}
		{096B00A5-28B9-422A-B174-F0C0D6457403} = {396686D8-0D60-4470-ABDB-E1B3D0C4AA7A}
		{D4CFE9CD-A8F9-49C5-B8D4-102BAEC81F36} = {CACAB5AE-A4C4-491A-97D7-52A6ABAE4391}
		{64A6F476-CE05-4E18-96E5-94C872E66604} = {D4CFE9CD-A8F9-49C5-B8D4-102BAEC81F36}
		{18F7DC9A-228E-4264-BD02-DF7F8EBC7F0D} = {CACAB5AE-A4C4-491A-97D7-52A6ABAE4391}
		{EDDBAF8F-70F0-4EBF-A07B-B72D602F3F53} = {18F7DC9A-228E-4264-BD02-DF7F8EBC7F0D}
		{4FAA6C86-32DC-4251-9D02-BD23716835F2} = {CACAB5AE-A4C4-491A-97D7-52A6ABAE4391}
		{74A03ACE-288D-4A4F-B2A8-B3EC6915C746} = {4FAA6C86-32DC-4251-9D02-BD23716835F2}
		{7EBAED30-7E7D-40BE-823E-1F80A7F13030} = {CACAB5AE-A4C4-491A-97D7-52A6ABAE4391}
		{88711FD8-E524-49A5-95A4-0D495C81C5EC} = {7EBAED30-7E7D-40BE-823E-1F80A7F13030}
		{0931CBE3-33C5-445C-95B7-095591D3989F} = {CACAB5AE-A4C4-491A-97D7-52A6ABAE4391}
		{4A49CF00-D51A-4290-B0CB-0242DB64BD34} = {0931CBE3-33C5-445C-95B7-095591D3989F}
		{A911BD40-FBDA-401D-A434-7C77D99B4D73} = {CACAB5AE-A4C4-491A-97D7-52A6ABAE4391}
		{38D54813-BD3A-4711-B3E8-AB21427A39A9} = {A911BD40-FBDA-401D-A434-7C77D99B4D73}
		{8133BB54-706B-470D-8554-1FCDE3E14145} = {CACAB5AE-A4C4-491A-97D7-52A6ABAE4391}
		{22234572-917A-4F0E-BCE0-0319C1C5F8BB} = {8133BB54-706B-470D-8554-1FCDE3E14145}
		{4414ACB1-A082-4444-B777-AA09DFA5600C} = {CACAB5AE-A4C4-491A-97D7-52A6ABAE4391}
		{23D59994-01B2-4B16-A189-A3BB3487E1D6} = {4414ACB1-A082-4444-B777-AA09DFA5600C}
		{BECAA3C0-3E52-40B8-B6A1-7C4AFD443E1E} = {A5803A08-5C3D-434D-B0B7-62C51C6AB43B}
		{DD1A2223-3383-475B-B196-7E4DCC313937} = {A5803A08-5C3D-434D-B0B7-62C51C6AB43B}
		{B603CF61-AA33-47C9-8E3C-45670D107665} = {BECAA3C0-3E52-40B8-B6A1-7C4AFD443E1E}
		{721F8CD3-AC05-4E36-885B-FE09585197A8} = {B603CF61-AA33-47C9-8E3C-45670D107665}
		{3DC84C9D-07C8-43C3-9082-9E1372B1F92D} = {BECAA3C0-3E52-40B8-B6A1-7C4AFD443E1E}
		{F55B891A-9559-494E-BB6F-339733F2910C} = {3DC84C9D-07C8-43C3-9082-9E1372B1F92D}
		{52C9AF59-B8ED-4C46-B7F2-F438AF695E59} = {BECAA3C0-3E52-40B8-B6A1-7C4AFD443E1E}
		{10277DA4-A819-4E6E-B510-8DEF009B7535} = {52C9AF59-B8ED-4C46-B7F2-F438AF695E59}
		{FF2EC501-656B-4E2B-9F5B-673AD1D4FCA1} = {C5295B60-0EF7-4FCB-8372-4A98B630917F}
		{40FC3ACD-032F-4972-9FCE-63CC65DB24F7} = {FF2EC501-656B-4E2B-9F5B-673AD1D4FCA1}
		{67385F36-1E34-48B2-920F-F4A4F3584EAE} = {FF2EC501-656B-4E2B-9F5B-673AD1D4FCA1}
		{0CBCF0A0-F7DB-4682-BCDC-EB4300D3E4D7} = {FF2EC501-656B-4E2B-9F5B-673AD1D4FCA1}
		{9DB86408-2C0E-40FF-93BE-FD3094726428} = {0CBCF0A0-F7DB-4682-BCDC-EB4300D3E4D7}
		{4282485C-E09F-44B4-BBEC-A45A7748C398} = {FF2EC501-656B-4E2B-9F5B-673AD1D4FCA1}
		{0E8B5086-87FF-4794-B967-AB6E752532A3} = {4282485C-E09F-44B4-BBEC-A45A7748C398}
		{E83BF40D-2CD2-45E3-9AB1-F3DAFD2D81EE} = {FF2EC501-656B-4E2B-9F5B-673AD1D4FCA1}
		{6F50B188-755B-45C6-9BCB-855EC71F019F} = {E83BF40D-2CD2-45E3-9AB1-F3DAFD2D81EE}
		{E6463DA6-1616-4AB5-B22C-9F231B66A473} = {FF2EC501-656B-4E2B-9F5B-673AD1D4FCA1}
		{15E5AC38-E917-4331-9B8A-B3BC214B1C7E} = {E6463DA6-1616-4AB5-B22C-9F231B66A473}
		{EE44F6E6-B5ED-404D-AD1B-CE5CA4D0172F} = {C953D2CB-1954-42EB-8E69-D2EFEBB2EC5E}
		{6DFD0465-22A7-4DF6-84C4-3018AEE36861} = {EE44F6E6-B5ED-404D-AD1B-CE5CA4D0172F}
		{23AD5ACA-8142-49F0-A140-3590833C0D96} = {C953D2CB-1954-42EB-8E69-D2EFEBB2EC5E}
		{5FC11F28-31DA-4625-AB0D-50D51A3AEABC} = {23AD5ACA-8142-49F0-A140-3590833C0D96}
		{AA77FA68-903C-4E86-9D7D-95F730E0190D} = {31AB9256-9CFB-4C26-820F-1D5A3DA9EA5B}
		{151ED1CD-0717-447F-9E4B-09EEFC404DC6} = {E26A9EEE-0979-4D6E-85D1-196C1289765F}
		{E2A2A46B-4597-43CC-AB36-7C68D902B5FA} = {B0BC951A-09F2-42F5-925F-9C7976D20331}
		{DF99D23E-3A39-485C-A5FA-96C6FCE48E0F} = {DD1A2223-3383-475B-B196-7E4DCC313937}
		{9A8724BD-4257-4FEE-A8D0-6DBD593A93B6} = {DD1A2223-3383-475B-B196-7E4DCC313937}
		{5CB89F16-66CB-4578-A3C1-6F330DFAF19F} = {DD1A2223-3383-475B-B196-7E4DCC313937}
		{C6021431-FE07-49C0-8048-39B28DA1AE74} = {DD1A2223-3383-475B-B196-7E4DCC313937}
		{FC04928F-9A94-4356-8DE3-EC2D4BEBB948} = {5347EBCF-B4C7-44C6-BAC1-F60CFB647731}
		{B14CFF52-2D9D-4E46-946C-651C479DA1A0} = {5347EBCF-B4C7-44C6-BAC1-F60CFB647731}
		{924C3C1B-74B0-499A-B977-F15AC607CCA3} = {5347EBCF-B4C7-44C6-BAC1-F60CFB647731}
		{24A50547-7447-400B-906E-5D75237026A1} = {5347EBCF-B4C7-44C6-BAC1-F60CFB647731}
		{E8030928-85A7-48F8-98CE-D3491737A3C9} = {5347EBCF-B4C7-44C6-BAC1-F60CFB647731}
		{472E85B0-4EEC-46DB-A877-BDBF4CA17F29} = {5347EBCF-B4C7-44C6-BAC1-F60CFB647731}
		{5347EBCF-B4C7-44C6-BAC1-F60CFB647731} = {FFEE1A64-8AD9-46B8-9D73-A8CBA8207F52}
		{45881B07-3A9F-483E-B1FE-D837E75C4441} = {FFEE1A64-8AD9-46B8-9D73-A8CBA8207F52}
		{9BA7DB4A-AD69-492E-B1C5-1472643DD851} = {45881B07-3A9F-483E-B1FE-D837E75C4441}
		{8FE56149-D3AD-412B-AFAB-389CA99FB58A} = {45881B07-3A9F-483E-B1FE-D837E75C4441}
		{C472DB0D-B17D-4CDB-83D4-44315AC3D792} = {DF99D23E-3A39-485C-A5FA-96C6FCE48E0F}
		{49FA37CC-A196-4B40-98FB-A0B06D1E2449} = {9A8724BD-4257-4FEE-A8D0-6DBD593A93B6}
		{E237BB66-A2AB-4982-AD61-48FBC2471C76} = {5CB89F16-66CB-4578-A3C1-6F330DFAF19F}
		{D05B3AD2-DC1C-4C03-8112-250473AA628C} = {C6021431-FE07-49C0-8048-39B28DA1AE74}
		{CA0BECDF-2A4C-4141-9E5F-835453CC8965} = {6B798D92-9616-4950-BAC6-2EF1AFD04001}
		{143B58AA-9CAB-4B03-8756-FD183E29B507} = {728E90EA-2B7D-4C63-84B7-8F54E94414FB}
		{E5EE5905-AFBD-4F2B-A05D-4E32C99CB97E} = {143B58AA-9CAB-4B03-8756-FD183E29B507}
		{44833117-1F8C-4018-A59D-B1AA9CD85F38} = {980F76FA-1EBF-4EA2-BA38-6E0124F77BCD}
		{98509D58-3BF7-419D-AEE9-BED760A73322} = {980F76FA-1EBF-4EA2-BA38-6E0124F77BCD}
		{9BFC0F3C-D028-4980-A90F-8038B53F8274} = {44833117-1F8C-4018-A59D-B1AA9CD85F38}
		{B446ED9A-A68F-4F60-90AD-22CB2E27E0BE} = {44833117-1F8C-4018-A59D-B1AA9CD85F38}
	EndGlobalSection
	GlobalSection(ExtensibilityGlobals) = postSolution
		SolutionGuid = {41D33486-767E-44BA-AA57-E2ED0AEE2F56}
	EndGlobalSection
EndGlobal
