
Microsoft Visual Studio Solution File, Format Version 12.00
# Visual Studio Version 17
VisualStudioVersion = 17.3.32929.385
MinimumVisualStudioVersion = 10.0.40219.1
Project("{2150E333-8FDC-42A3-9474-1A3956D46DE8}") = "01.Inheritance", "01.Inheritance", "{0CB61813-A608-4201-872B-44CA38625500}"
EndProject
Project("{2150E333-8FDC-42A3-9474-1A3956D46DE8}") = "Lab", "Lab", "{B6470FD7-E575-4C6D-B177-F1C32A7034CD}"
EndProject
Project("{2150E333-8FDC-42A3-9474-1A3956D46DE8}") = "Exe", "Exe", "{D07519C6-CA68-4606-8BBB-0DA237ACCF0C}"
EndProject
Project("{2150E333-8FDC-42A3-9474-1A3956D46DE8}") = "01. Single Inheritance", "01. Single Inheritance", "{C0F222A1-BFD5-40AE-8868-FB2D948F913F}"
EndProject
Project("{FAE04EC0-301F-11D3-BF4B-00C04F79EFBC}") = "01. Single Inheritance", "01. Single Inheritance\01. Single Inheritance.csproj", "{F6855D7A-FF92-4E1E-BCB6-72F1B1DAEF2B}"
EndProject
Project("{2150E333-8FDC-42A3-9474-1A3956D46DE8}") = "02. Multiple Inheritance", "02. Multiple Inheritance", "{9D13F9F4-046C-4A04-BEB5-09EB85C28721}"
EndProject
Project("{FAE04EC0-301F-11D3-BF4B-00C04F79EFBC}") = "02. Multiple Inheritance", "02. Multiple Inheritance\02. Multiple Inheritance.csproj", "{42CD5E33-A9AE-47BA-8AE4-545D8D092C2A}"
EndProject
Project("{2150E333-8FDC-42A3-9474-1A3956D46DE8}") = "03. Hierarchical Inheritance", "03. Hierarchical Inheritance", "{B03D4121-7290-4D94-9FB5-4702B4B520E0}"
EndProject
Project("{FAE04EC0-301F-11D3-BF4B-00C04F79EFBC}") = "03. Hierarchical Inheritance", "03. Hierarchical Inheritance\03. Hierarchical Inheritance.csproj", "{50A28449-4909-4EB3-9F98-AB88B0A50F4D}"
EndProject
Project("{2150E333-8FDC-42A3-9474-1A3956D46DE8}") = "04. Random List", "04. Random List", "{33614EC6-A596-4B46-9A8C-5941C81C2ECE}"
EndProject
Project("{FAE04EC0-301F-11D3-BF4B-00C04F79EFBC}") = "04. Random List", "04. Random List\04. Random List.csproj", "{E7EBD5D4-9815-4B8D-9F66-73C40C25A276}"
EndProject
Project("{2150E333-8FDC-42A3-9474-1A3956D46DE8}") = "05. Stack of Strings", "05. Stack of Strings", "{3D40828A-A60C-4C59-BF73-082E526FEA6B}"
EndProject
Project("{FAE04EC0-301F-11D3-BF4B-00C04F79EFBC}") = "05. Stack of Strings", "05. Stack of Strings\05. Stack of Strings.csproj", "{C1ED50FD-BF07-487E-BB50-DCFAD1D1A696}"
EndProject
Project("{2150E333-8FDC-42A3-9474-1A3956D46DE8}") = "01. Person", "01. Person", "{2C15428E-B498-4FD3-87F4-18D2C6292642}"
EndProject
Project("{FAE04EC0-301F-11D3-BF4B-00C04F79EFBC}") = "01.Person", "01.Person\01.Person.csproj", "{B6DB6116-55B7-4A29-91D4-56F8FBD03C42}"
EndProject
Project("{2150E333-8FDC-42A3-9474-1A3956D46DE8}") = "02. Zoo", "02. Zoo", "{D76B57D9-6EC2-4D24-97C8-C9C5C84AEB04}"
EndProject
Project("{FAE04EC0-301F-11D3-BF4B-00C04F79EFBC}") = "02. Zoo", "02. Zoo\02. Zoo.csproj", "{16D84733-8E8D-4076-8DFB-FF484796D95A}"
EndProject
Project("{2150E333-8FDC-42A3-9474-1A3956D46DE8}") = "03. Players and Monsters", "03. Players and Monsters", "{66053CA9-99EE-45C5-88CF-D8B719117C51}"
EndProject
Project("{FAE04EC0-301F-11D3-BF4B-00C04F79EFBC}") = "03. Players and Monsters", "03. Players and Monsters\03. Players and Monsters.csproj", "{7EC71B41-EC43-4F80-A815-A5631ABFC9A9}"
EndProject
Project("{2150E333-8FDC-42A3-9474-1A3956D46DE8}") = "04. Need for Speed", "04. Need for Speed", "{E0B7E7EB-B664-4BC4-A605-9FC815FDDDA7}"
EndProject
Project("{FAE04EC0-301F-11D3-BF4B-00C04F79EFBC}") = "04. Need for Speed", "04. Need for Speed\04. Need for Speed.csproj", "{F04853BE-9DC8-48AF-9A6D-C402A99AAFAC}"
EndProject
Project("{2150E333-8FDC-42A3-9474-1A3956D46DE8}") = "05. Restaurant", "05. Restaurant", "{7FA76C9B-D700-4237-84CA-A78CC558526F}"
EndProject
Project("{FAE04EC0-301F-11D3-BF4B-00C04F79EFBC}") = "05. Restaurant", "05. Restaurant\05. Restaurant.csproj", "{8CAC8A67-7D70-4ED5-BD88-4FAA88C7094C}"
EndProject
Project("{2150E333-8FDC-42A3-9474-1A3956D46DE8}") = "06. Animals", "06. Animals", "{AE0A65F6-B43E-4D2C-A06A-46FD6A454625}"
EndProject
Project("{FAE04EC0-301F-11D3-BF4B-00C04F79EFBC}") = "06. Animals", "06. Animals\06. Animals.csproj", "{3FA31A61-2323-458F-B8C1-1E5CA2D762A7}"
EndProject
Global
	GlobalSection(SolutionConfigurationPlatforms) = preSolution
		Debug|Any CPU = Debug|Any CPU
		Release|Any CPU = Release|Any CPU
	EndGlobalSection
	GlobalSection(ProjectConfigurationPlatforms) = postSolution
		{F6855D7A-FF92-4E1E-BCB6-72F1B1DAEF2B}.Debug|Any CPU.ActiveCfg = Debug|Any CPU
		{F6855D7A-FF92-4E1E-BCB6-72F1B1DAEF2B}.Debug|Any CPU.Build.0 = Debug|Any CPU
		{F6855D7A-FF92-4E1E-BCB6-72F1B1DAEF2B}.Release|Any CPU.ActiveCfg = Release|Any CPU
		{F6855D7A-FF92-4E1E-BCB6-72F1B1DAEF2B}.Release|Any CPU.Build.0 = Release|Any CPU
		{42CD5E33-A9AE-47BA-8AE4-545D8D092C2A}.Debug|Any CPU.ActiveCfg = Debug|Any CPU
		{42CD5E33-A9AE-47BA-8AE4-545D8D092C2A}.Debug|Any CPU.Build.0 = Debug|Any CPU
		{42CD5E33-A9AE-47BA-8AE4-545D8D092C2A}.Release|Any CPU.ActiveCfg = Release|Any CPU
		{42CD5E33-A9AE-47BA-8AE4-545D8D092C2A}.Release|Any CPU.Build.0 = Release|Any CPU
		{50A28449-4909-4EB3-9F98-AB88B0A50F4D}.Debug|Any CPU.ActiveCfg = Debug|Any CPU
		{50A28449-4909-4EB3-9F98-AB88B0A50F4D}.Debug|Any CPU.Build.0 = Debug|Any CPU
		{50A28449-4909-4EB3-9F98-AB88B0A50F4D}.Release|Any CPU.ActiveCfg = Release|Any CPU
		{50A28449-4909-4EB3-9F98-AB88B0A50F4D}.Release|Any CPU.Build.0 = Release|Any CPU
		{E7EBD5D4-9815-4B8D-9F66-73C40C25A276}.Debug|Any CPU.ActiveCfg = Debug|Any CPU
		{E7EBD5D4-9815-4B8D-9F66-73C40C25A276}.Debug|Any CPU.Build.0 = Debug|Any CPU
		{E7EBD5D4-9815-4B8D-9F66-73C40C25A276}.Release|Any CPU.ActiveCfg = Release|Any CPU
		{E7EBD5D4-9815-4B8D-9F66-73C40C25A276}.Release|Any CPU.Build.0 = Release|Any CPU
		{C1ED50FD-BF07-487E-BB50-DCFAD1D1A696}.Debug|Any CPU.ActiveCfg = Debug|Any CPU
		{C1ED50FD-BF07-487E-BB50-DCFAD1D1A696}.Debug|Any CPU.Build.0 = Debug|Any CPU
		{C1ED50FD-BF07-487E-BB50-DCFAD1D1A696}.Release|Any CPU.ActiveCfg = Release|Any CPU
		{C1ED50FD-BF07-487E-BB50-DCFAD1D1A696}.Release|Any CPU.Build.0 = Release|Any CPU
		{B6DB6116-55B7-4A29-91D4-56F8FBD03C42}.Debug|Any CPU.ActiveCfg = Debug|Any CPU
		{B6DB6116-55B7-4A29-91D4-56F8FBD03C42}.Debug|Any CPU.Build.0 = Debug|Any CPU
		{B6DB6116-55B7-4A29-91D4-56F8FBD03C42}.Release|Any CPU.ActiveCfg = Release|Any CPU
		{B6DB6116-55B7-4A29-91D4-56F8FBD03C42}.Release|Any CPU.Build.0 = Release|Any CPU
		{16D84733-8E8D-4076-8DFB-FF484796D95A}.Debug|Any CPU.ActiveCfg = Debug|Any CPU
		{16D84733-8E8D-4076-8DFB-FF484796D95A}.Debug|Any CPU.Build.0 = Debug|Any CPU
		{16D84733-8E8D-4076-8DFB-FF484796D95A}.Release|Any CPU.ActiveCfg = Release|Any CPU
		{16D84733-8E8D-4076-8DFB-FF484796D95A}.Release|Any CPU.Build.0 = Release|Any CPU
		{7EC71B41-EC43-4F80-A815-A5631ABFC9A9}.Debug|Any CPU.ActiveCfg = Debug|Any CPU
		{7EC71B41-EC43-4F80-A815-A5631ABFC9A9}.Debug|Any CPU.Build.0 = Debug|Any CPU
		{7EC71B41-EC43-4F80-A815-A5631ABFC9A9}.Release|Any CPU.ActiveCfg = Release|Any CPU
		{7EC71B41-EC43-4F80-A815-A5631ABFC9A9}.Release|Any CPU.Build.0 = Release|Any CPU
		{F04853BE-9DC8-48AF-9A6D-C402A99AAFAC}.Debug|Any CPU.ActiveCfg = Debug|Any CPU
		{F04853BE-9DC8-48AF-9A6D-C402A99AAFAC}.Debug|Any CPU.Build.0 = Debug|Any CPU
		{F04853BE-9DC8-48AF-9A6D-C402A99AAFAC}.Release|Any CPU.ActiveCfg = Release|Any CPU
		{F04853BE-9DC8-48AF-9A6D-C402A99AAFAC}.Release|Any CPU.Build.0 = Release|Any CPU
		{8CAC8A67-7D70-4ED5-BD88-4FAA88C7094C}.Debug|Any CPU.ActiveCfg = Debug|Any CPU
		{8CAC8A67-7D70-4ED5-BD88-4FAA88C7094C}.Debug|Any CPU.Build.0 = Debug|Any CPU
		{8CAC8A67-7D70-4ED5-BD88-4FAA88C7094C}.Release|Any CPU.ActiveCfg = Release|Any CPU
		{8CAC8A67-7D70-4ED5-BD88-4FAA88C7094C}.Release|Any CPU.Build.0 = Release|Any CPU
		{3FA31A61-2323-458F-B8C1-1E5CA2D762A7}.Debug|Any CPU.ActiveCfg = Debug|Any CPU
		{3FA31A61-2323-458F-B8C1-1E5CA2D762A7}.Debug|Any CPU.Build.0 = Debug|Any CPU
		{3FA31A61-2323-458F-B8C1-1E5CA2D762A7}.Release|Any CPU.ActiveCfg = Release|Any CPU
		{3FA31A61-2323-458F-B8C1-1E5CA2D762A7}.Release|Any CPU.Build.0 = Release|Any CPU
	EndGlobalSection
	GlobalSection(SolutionProperties) = preSolution
		HideSolutionNode = FALSE
	EndGlobalSection
	GlobalSection(NestedProjects) = preSolution
		{B6470FD7-E575-4C6D-B177-F1C32A7034CD} = {0CB61813-A608-4201-872B-44CA38625500}
		{D07519C6-CA68-4606-8BBB-0DA237ACCF0C} = {0CB61813-A608-4201-872B-44CA38625500}
		{C0F222A1-BFD5-40AE-8868-FB2D948F913F} = {B6470FD7-E575-4C6D-B177-F1C32A7034CD}
		{F6855D7A-FF92-4E1E-BCB6-72F1B1DAEF2B} = {C0F222A1-BFD5-40AE-8868-FB2D948F913F}
		{9D13F9F4-046C-4A04-BEB5-09EB85C28721} = {B6470FD7-E575-4C6D-B177-F1C32A7034CD}
		{42CD5E33-A9AE-47BA-8AE4-545D8D092C2A} = {9D13F9F4-046C-4A04-BEB5-09EB85C28721}
		{B03D4121-7290-4D94-9FB5-4702B4B520E0} = {B6470FD7-E575-4C6D-B177-F1C32A7034CD}
		{50A28449-4909-4EB3-9F98-AB88B0A50F4D} = {B03D4121-7290-4D94-9FB5-4702B4B520E0}
		{33614EC6-A596-4B46-9A8C-5941C81C2ECE} = {B6470FD7-E575-4C6D-B177-F1C32A7034CD}
		{E7EBD5D4-9815-4B8D-9F66-73C40C25A276} = {33614EC6-A596-4B46-9A8C-5941C81C2ECE}
		{3D40828A-A60C-4C59-BF73-082E526FEA6B} = {B6470FD7-E575-4C6D-B177-F1C32A7034CD}
		{C1ED50FD-BF07-487E-BB50-DCFAD1D1A696} = {3D40828A-A60C-4C59-BF73-082E526FEA6B}
		{2C15428E-B498-4FD3-87F4-18D2C6292642} = {D07519C6-CA68-4606-8BBB-0DA237ACCF0C}
		{B6DB6116-55B7-4A29-91D4-56F8FBD03C42} = {2C15428E-B498-4FD3-87F4-18D2C6292642}
		{D76B57D9-6EC2-4D24-97C8-C9C5C84AEB04} = {D07519C6-CA68-4606-8BBB-0DA237ACCF0C}
		{16D84733-8E8D-4076-8DFB-FF484796D95A} = {D76B57D9-6EC2-4D24-97C8-C9C5C84AEB04}
		{66053CA9-99EE-45C5-88CF-D8B719117C51} = {D07519C6-CA68-4606-8BBB-0DA237ACCF0C}
		{7EC71B41-EC43-4F80-A815-A5631ABFC9A9} = {66053CA9-99EE-45C5-88CF-D8B719117C51}
		{E0B7E7EB-B664-4BC4-A605-9FC815FDDDA7} = {D07519C6-CA68-4606-8BBB-0DA237ACCF0C}
		{F04853BE-9DC8-48AF-9A6D-C402A99AAFAC} = {E0B7E7EB-B664-4BC4-A605-9FC815FDDDA7}
		{7FA76C9B-D700-4237-84CA-A78CC558526F} = {D07519C6-CA68-4606-8BBB-0DA237ACCF0C}
		{8CAC8A67-7D70-4ED5-BD88-4FAA88C7094C} = {7FA76C9B-D700-4237-84CA-A78CC558526F}
		{AE0A65F6-B43E-4D2C-A06A-46FD6A454625} = {D07519C6-CA68-4606-8BBB-0DA237ACCF0C}
		{3FA31A61-2323-458F-B8C1-1E5CA2D762A7} = {AE0A65F6-B43E-4D2C-A06A-46FD6A454625}
	EndGlobalSection
	GlobalSection(ExtensibilityGlobals) = postSolution
		SolutionGuid = {41D33486-767E-44BA-AA57-E2ED0AEE2F56}
	EndGlobalSection
EndGlobal
